Microsoft Visual Studio Solution File, Format Version 12.00
# Visual Studio Version 17
VisualStudioVersion = 17.5.2.0
MinimumVisualStudioVersion = 10.0.40219.1
Project("{FAE04EC0-301F-11D3-BF4B-00C04F79EFBC}") = "AuthenticationTest", "AuthenticationTest\AuthenticationTest.csproj", "{9870EADB-063A-B7F1-156E-0F17D53CC63B}"
EndProject
Global
	GlobalSection(SolutionConfigurationPlatforms) = preSolution
		Debug|Any CPU = Debug|Any CPU
		Release|Any CPU = Release|Any CPU
	EndGlobalSection
	GlobalSection(ProjectConfigurationPlatforms) = postSolution
		{9870EADB-063A-B7F1-156E-0F17D53CC63B}.Debug|Any CPU.ActiveCfg = Debug|Any CPU
		{9870EADB-063A-B7F1-156E-0F17D53CC63B}.Debug|Any CPU.Build.0 = Debug|Any CPU
		{9870EADB-063A-B7F1-156E-0F17D53CC63B}.Release|Any CPU.ActiveCfg = Release|Any CPU
		{9870EADB-063A-B7F1-156E-0F17D53CC63B}.Release|Any CPU.Build.0 = Release|Any CPU
	EndGlobalSection
	GlobalSection(SolutionProperties) = preSolution
		HideSolutionNode = FALSE
	EndGlobalSection
	GlobalSection(ExtensibilityGlobals) = postSolution
		SolutionGuid = {AF7D62D6-FDDE-460F-A210-F253266742CD}
	EndGlobalSection
EndGlobal
